
Microsoft Visual Studio Solution File, Format Version 12.00
# Visual Studio Version 16
VisualStudioVersion = 16.0.31025.194
MinimumVisualStudioVersion = 10.0.40219.1
Project("{FAE04EC0-301F-11D3-BF4B-00C04F79EFBC}") = "WebAppDotNetCoreAndEntity", "WebAppDotNetCoreAndEntity.csproj", "{B538A44C-336A-4520-B25C-1FB7C8CDDBDD}"
EndProject
Global
	GlobalSection(SolutionConfigurationPlatforms) = preSolution
		Debug|Any CPU = Debug|Any CPU
		Release|Any CPU = Release|Any CPU
	EndGlobalSection
	GlobalSection(ProjectConfigurationPlatforms) = postSolution
		{B538A44C-336A-4520-B25C-1FB7C8CDDBDD}.Debug|Any CPU.ActiveCfg = Debug|Any CPU
		{B538A44C-336A-4520-B25C-1FB7C8CDDBDD}.Debug|Any CPU.Build.0 = Debug|Any CPU
		{B538A44C-336A-4520-B25C-1FB7C8CDDBDD}.Release|Any CPU.ActiveCfg = Release|Any CPU
		{B538A44C-336A-4520-B25C-1FB7C8CDDBDD}.Release|Any CPU.Build.0 = Release|Any CPU
	EndGlobalSection
	GlobalSection(SolutionProperties) = preSolution
		HideSolutionNode = FALSE
	EndGlobalSection
	GlobalSection(ExtensibilityGlobals) = postSolution
		SolutionGuid = {5EF5439B-7053-4747-B06A-0B4169E575AB}
	EndGlobalSection
EndGlobal
